
Microsoft Visual Studio Solution File, Format Version 12.00
# Visual Studio 15
VisualStudioVersion = 15.0.28307.1259
MinimumVisualStudioVersion = 10.0.40219.1
Project("{FAE04EC0-301F-11D3-BF4B-00C04F79EFBC}") = "ScoopenMvc.UI", "ScoopenMvc\ScoopenMvc.UI.csproj", "{FAB91392-CE85-4A79-8271-1C597A7D082C}"
EndProject
Project("{FAE04EC0-301F-11D3-BF4B-00C04F79EFBC}") = "ScoopenMvc.Tests", "ScoopenMvc.Tests\ScoopenMvc.Tests.csproj", "{8F4B1DC3-C3BC-4676-B416-5E225F44F01D}"
EndProject
Project("{FAE04EC0-301F-11D3-BF4B-00C04F79EFBC}") = "ScoopenMvc.BLL", "ScoopenMvcBLL\ScoopenMvc.BLL.csproj", "{6F7C2ED1-E183-4343-9C00-C76DA0B5496B}"
EndProject
Project("{FAE04EC0-301F-11D3-BF4B-00C04F79EFBC}") = "ScoopenMvc.DAL", "ScoopenMvcDAL\ScoopenMvc.DAL.csproj", "{1FEBDF40-E6ED-4A2D-B769-EF0EFA4D9864}"
EndProject
Project("{FAE04EC0-301F-11D3-BF4B-00C04F79EFBC}") = "ScoopenMvc.Models", "ScoopenMvcModels\ScoopenMvc.Models.csproj", "{65E0C18D-3ABD-4B42-AC58-E551828594F2}"
EndProject
Project("{FAE04EC0-301F-11D3-BF4B-00C04F79EFBC}") = "ScoopenMvc.Logs", "ScoopenMvcLogs\ScoopenMvc.Logs.csproj", "{5FDB1354-4772-4E4D-8F48-91E65735E631}"
EndProject
Project("{2150E333-8FDC-42A3-9474-1A3956D46DE8}") = "Solution Items", "Solution Items", "{D6313D6C-F3D7-4144-9DFD-F6DFF0B6E160}"
	ProjectSection(SolutionItems) = preProject
		readMe.txt = readMe.txt
	EndProjectSection
EndProject
Global
	GlobalSection(SolutionConfigurationPlatforms) = preSolution
		Debug|Any CPU = Debug|Any CPU
		Release|Any CPU = Release|Any CPU
	EndGlobalSection
	GlobalSection(ProjectConfigurationPlatforms) = postSolution
		{FAB91392-CE85-4A79-8271-1C597A7D082C}.Debug|Any CPU.ActiveCfg = Debug|Any CPU
		{FAB91392-CE85-4A79-8271-1C597A7D082C}.Debug|Any CPU.Build.0 = Debug|Any CPU
		{FAB91392-CE85-4A79-8271-1C597A7D082C}.Release|Any CPU.ActiveCfg = Release|Any CPU
		{FAB91392-CE85-4A79-8271-1C597A7D082C}.Release|Any CPU.Build.0 = Release|Any CPU
		{8F4B1DC3-C3BC-4676-B416-5E225F44F01D}.Debug|Any CPU.ActiveCfg = Debug|Any CPU
		{8F4B1DC3-C3BC-4676-B416-5E225F44F01D}.Debug|Any CPU.Build.0 = Debug|Any CPU
		{8F4B1DC3-C3BC-4676-B416-5E225F44F01D}.Release|Any CPU.ActiveCfg = Release|Any CPU
		{8F4B1DC3-C3BC-4676-B416-5E225F44F01D}.Release|Any CPU.Build.0 = Release|Any CPU
		{6F7C2ED1-E183-4343-9C00-C76DA0B5496B}.Debug|Any CPU.ActiveCfg = Debug|Any CPU
		{6F7C2ED1-E183-4343-9C00-C76DA0B5496B}.Debug|Any CPU.Build.0 = Debug|Any CPU
		{6F7C2ED1-E183-4343-9C00-C76DA0B5496B}.Release|Any CPU.ActiveCfg = Release|Any CPU
		{6F7C2ED1-E183-4343-9C00-C76DA0B5496B}.Release|Any CPU.Build.0 = Release|Any CPU
		{1FEBDF40-E6ED-4A2D-B769-EF0EFA4D9864}.Debug|Any CPU.ActiveCfg = Debug|Any CPU
		{1FEBDF40-E6ED-4A2D-B769-EF0EFA4D9864}.Debug|Any CPU.Build.0 = Debug|Any CPU
		{1FEBDF40-E6ED-4A2D-B769-EF0EFA4D9864}.Release|Any CPU.ActiveCfg = Release|Any CPU
		{1FEBDF40-E6ED-4A2D-B769-EF0EFA4D9864}.Release|Any CPU.Build.0 = Release|Any CPU
		{65E0C18D-3ABD-4B42-AC58-E551828594F2}.Debug|Any CPU.ActiveCfg = Debug|Any CPU
		{65E0C18D-3ABD-4B42-AC58-E551828594F2}.Debug|Any CPU.Build.0 = Debug|Any CPU
		{65E0C18D-3ABD-4B42-AC58-E551828594F2}.Release|Any CPU.ActiveCfg = Release|Any CPU
		{65E0C18D-3ABD-4B42-AC58-E551828594F2}.Release|Any CPU.Build.0 = Release|Any CPU
		{5FDB1354-4772-4E4D-8F48-91E65735E631}.Debug|Any CPU.ActiveCfg = Debug|Any CPU
		{5FDB1354-4772-4E4D-8F48-91E65735E631}.Debug|Any CPU.Build.0 = Debug|Any CPU
		{5FDB1354-4772-4E4D-8F48-91E65735E631}.Release|Any CPU.ActiveCfg = Release|Any CPU
		{5FDB1354-4772-4E4D-8F48-91E65735E631}.Release|Any CPU.Build.0 = Release|Any CPU
	EndGlobalSection
	GlobalSection(SolutionProperties) = preSolution
		HideSolutionNode = FALSE
	EndGlobalSection
	GlobalSection(ExtensibilityGlobals) = postSolution
		SolutionGuid = {44467DBE-02B8-455A-B6B6-E9FDAA02DE85}
	EndGlobalSection
EndGlobal
